// !$*UTF8*$!
{
	archiveVersion = 1;
	classes = {
	};
	objectVersion = 56;
	objects = {

/* Begin PBXBuildFile section */
		2F42F1122C850C7100DDD3D2 /* CardView.swift in Sources */ = {isa = PBXBuildFile; fileRef = 2F42F1112C850C7100DDD3D2 /* CardView.swift */; };
		2F42F1142C850EB000DDD3D2 /* UserInfoView.swift in Sources */ = {isa = PBXBuildFile; fileRef = 2F42F1132C850EB000DDD3D2 /* UserInfoView.swift */; };
		2F42F1162C8511A200DDD3D2 /* MainTabView.swift in Sources */ = {isa = PBXBuildFile; fileRef = 2F42F1152C8511A200DDD3D2 /* MainTabView.swift */; };
		2F42F1182C85135E00DDD3D2 /* ImageIndicatorView.swift in Sources */ = {isa = PBXBuildFile; fileRef = 2F42F1172C85135E00DDD3D2 /* ImageIndicatorView.swift */; };
		2F42F11A2C85173300DDD3D2 /* User.swift in Sources */ = {isa = PBXBuildFile; fileRef = 2F42F1192C85173300DDD3D2 /* User.swift */; };
		2F42F11C2C851A4800DDD3D2 /* ImageTappingOverlay.swift in Sources */ = {isa = PBXBuildFile; fileRef = 2F42F11B2C851A4800DDD3D2 /* ImageTappingOverlay.swift */; };
		2F42F11E2C851C2800DDD3D2 /* SwipeActionIndicatorView.swift in Sources */ = {isa = PBXBuildFile; fileRef = 2F42F11D2C851C2800DDD3D2 /* SwipeActionIndicatorView.swift */; };
		2F610AC02C8213D500C91CBD /* TinderCloneApp.swift in Sources */ = {isa = PBXBuildFile; fileRef = 2F610ABF2C8213D500C91CBD /* TinderCloneApp.swift */; };
		2F610AC22C8213D500C91CBD /* ContentView.swift in Sources */ = {isa = PBXBuildFile; fileRef = 2F610AC12C8213D500C91CBD /* ContentView.swift */; };
		2F610AC42C8213D600C91CBD /* Assets.xcassets in Resources */ = {isa = PBXBuildFile; fileRef = 2F610AC32C8213D600C91CBD /* Assets.xcassets */; };
		2F610AC72C8213D600C91CBD /* Preview Assets.xcassets in Resources */ = {isa = PBXBuildFile; fileRef = 2F610AC62C8213D600C91CBD /* Preview Assets.xcassets */; };
		2F8D26F72C887C230087BF7F /* CardStackView.swift in Sources */ = {isa = PBXBuildFile; fileRef = 2F8D26F62C887C230087BF7F /* CardStackView.swift */; };
		2F8D26F92C8885140087BF7F /* CardsViewModel.swift in Sources */ = {isa = PBXBuildFile; fileRef = 2F8D26F82C8885140087BF7F /* CardsViewModel.swift */; };
		2F8D26FB2C88AAB20087BF7F /* CardService.swift in Sources */ = {isa = PBXBuildFile; fileRef = 2F8D26FA2C88AAB20087BF7F /* CardService.swift */; };
		2F8D26FF2C88ABB30087BF7F /* Card.swift in Sources */ = {isa = PBXBuildFile; fileRef = 2F8D26FE2C88ABB30087BF7F /* Card.swift */; };
		2FDB10E52C87BD8300595B6D /* ScreenDimensions.swift in Sources */ = {isa = PBXBuildFile; fileRef = 2FDB10E42C87BD8300595B6D /* ScreenDimensions.swift */; };
		2FE948472C89F04F00B3F243 /* UserProfileView.swift in Sources */ = {isa = PBXBuildFile; fileRef = 2FE948462C89F04F00B3F243 /* UserProfileView.swift */; };
/* End PBXBuildFile section */

/* Begin PBXFileReference section */
		2F42F1112C850C7100DDD3D2 /* CardView.swift */ = {isa = PBXFileReference; lastKnownFileType = sourcecode.swift; path = CardView.swift; sourceTree = "<group>"; };
		2F42F1132C850EB000DDD3D2 /* UserInfoView.swift */ = {isa = PBXFileReference; lastKnownFileType = sourcecode.swift; path = UserInfoView.swift; sourceTree = "<group>"; };
		2F42F1152C8511A200DDD3D2 /* MainTabView.swift */ = {isa = PBXFileReference; lastKnownFileType = sourcecode.swift; path = MainTabView.swift; sourceTree = "<group>"; };
		2F42F1172C85135E00DDD3D2 /* ImageIndicatorView.swift */ = {isa = PBXFileReference; lastKnownFileType = sourcecode.swift; path = ImageIndicatorView.swift; sourceTree = "<group>"; };
		2F42F1192C85173300DDD3D2 /* User.swift */ = {isa = PBXFileReference; lastKnownFileType = sourcecode.swift; path = User.swift; sourceTree = "<group>"; };
		2F42F11B2C851A4800DDD3D2 /* ImageTappingOverlay.swift */ = {isa = PBXFileReference; lastKnownFileType = sourcecode.swift; path = ImageTappingOverlay.swift; sourceTree = "<group>"; };
		2F42F11D2C851C2800DDD3D2 /* SwipeActionIndicatorView.swift */ = {isa = PBXFileReference; lastKnownFileType = sourcecode.swift; path = SwipeActionIndicatorView.swift; sourceTree = "<group>"; };
		2F610ABC2C8213D500C91CBD /* TinderClone.app */ = {isa = PBXFileReference; explicitFileType = wrapper.application; includeInIndex = 0; path = TinderClone.app; sourceTree = BUILT_PRODUCTS_DIR; };
		2F610ABF2C8213D500C91CBD /* TinderCloneApp.swift */ = {isa = PBXFileReference; lastKnownFileType = sourcecode.swift; path = TinderCloneApp.swift; sourceTree = "<group>"; };
		2F610AC12C8213D500C91CBD /* ContentView.swift */ = {isa = PBXFileReference; lastKnownFileType = sourcecode.swift; path = ContentView.swift; sourceTree = "<group>"; };
		2F610AC32C8213D600C91CBD /* Assets.xcassets */ = {isa = PBXFileReference; lastKnownFileType = folder.assetcatalog; path = Assets.xcassets; sourceTree = "<group>"; };
		2F610AC62C8213D600C91CBD /* Preview Assets.xcassets */ = {isa = PBXFileReference; lastKnownFileType = folder.assetcatalog; path = "Preview Assets.xcassets"; sourceTree = "<group>"; };
		2F8D26F62C887C230087BF7F /* CardStackView.swift */ = {isa = PBXFileReference; lastKnownFileType = sourcecode.swift; path = CardStackView.swift; sourceTree = "<group>"; };
		2F8D26F82C8885140087BF7F /* CardsViewModel.swift */ = {isa = PBXFileReference; lastKnownFileType = sourcecode.swift; path = CardsViewModel.swift; sourceTree = "<group>"; };
		2F8D26FA2C88AAB20087BF7F /* CardService.swift */ = {isa = PBXFileReference; lastKnownFileType = sourcecode.swift; path = CardService.swift; sourceTree = "<group>"; };
		2F8D26FE2C88ABB30087BF7F /* Card.swift */ = {isa = PBXFileReference; lastKnownFileType = sourcecode.swift; path = Card.swift; sourceTree = "<group>"; };
		2FDB10E42C87BD8300595B6D /* ScreenDimensions.swift */ = {isa = PBXFileReference; lastKnownFileType = sourcecode.swift; path = ScreenDimensions.swift; sourceTree = "<group>"; };
		2FE948462C89F04F00B3F243 /* UserProfileView.swift */ = {isa = PBXFileReference; lastKnownFileType = sourcecode.swift; path = UserProfileView.swift; sourceTree = "<group>"; };
/* End PBXFileReference section */

/* Begin PBXFrameworksBuildPhase section */
		2F610AB92C8213D500C91CBD /* Frameworks */ = {
			isa = PBXFrameworksBuildPhase;
			buildActionMask = 2147483647;
			files = (
			);
			runOnlyForDeploymentPostprocessing = 0;
		};
/* End PBXFrameworksBuildPhase section */

/* Begin PBXGroup section */
		2F42F10E2C850BC600DDD3D2 /* App */ = {
			isa = PBXGroup;
			children = (
				2F610ABF2C8213D500C91CBD /* TinderCloneApp.swift */,
			);
			path = App;
			sourceTree = "<group>";
		};
		2F42F10F2C850BCE00DDD3D2 /* Core */ = {
			isa = PBXGroup;
			children = (
				2F42F1152C8511A200DDD3D2 /* MainTabView.swift */,
				2F42F1112C850C7100DDD3D2 /* CardView.swift */,
				2F8D26F62C887C230087BF7F /* CardStackView.swift */,
				2F42F1132C850EB000DDD3D2 /* UserInfoView.swift */,
				2F42F1172C85135E00DDD3D2 /* ImageIndicatorView.swift */,
				2F42F11B2C851A4800DDD3D2 /* ImageTappingOverlay.swift */,
				2F42F11D2C851C2800DDD3D2 /* SwipeActionIndicatorView.swift */,
				2FDB10E42C87BD8300595B6D /* ScreenDimensions.swift */,
				2F8D26F82C8885140087BF7F /* CardsViewModel.swift */,
				2F8D26FA2C88AAB20087BF7F /* CardService.swift */,
				2FE948462C89F04F00B3F243 /* UserProfileView.swift */,
			);
			path = Core;
			sourceTree = "<group>";
		};
		2F42F1102C850BE300DDD3D2 /* Model */ = {
			isa = PBXGroup;
			children = (
				2F42F1192C85173300DDD3D2 /* User.swift */,
				2F8D26FE2C88ABB30087BF7F /* Card.swift */,
			);
			path = Model;
			sourceTree = "<group>";
		};
		2F610AB32C8213D500C91CBD = {
			isa = PBXGroup;
			children = (
				2F610ABE2C8213D500C91CBD /* TinderClone */,
				2F610ABD2C8213D500C91CBD /* Products */,
			);
			sourceTree = "<group>";
		};
		2F610ABD2C8213D500C91CBD /* Products */ = {
			isa = PBXGroup;
			children = (
				2F610ABC2C8213D500C91CBD /* TinderClone.app */,
			);
			name = Products;
			sourceTree = "<group>";
		};
		2F610ABE2C8213D500C91CBD /* TinderClone */ = {
			isa = PBXGroup;
			children = (
				2F42F10E2C850BC600DDD3D2 /* App */,
				2F42F10F2C850BCE00DDD3D2 /* Core */,
				2F42F1102C850BE300DDD3D2 /* Model */,
				2F610AC12C8213D500C91CBD /* ContentView.swift */,
				2F610AC32C8213D600C91CBD /* Assets.xcassets */,
				2F610AC52C8213D600C91CBD /* Preview Content */,
			);
			path = TinderClone;
			sourceTree = "<group>";
		};
		2F610AC52C8213D600C91CBD /* Preview Content */ = {
			isa = PBXGroup;
			children = (
				2F610AC62C8213D600C91CBD /* Preview Assets.xcassets */,
			);
			path = "Preview Content";
			sourceTree = "<group>";
		};
/* End PBXGroup section */

/* Begin PBXNativeTarget section */
		2F610ABB2C8213D500C91CBD /* TinderClone */ = {
			isa = PBXNativeTarget;
			buildConfigurationList = 2F610ACA2C8213D600C91CBD /* Build configuration list for PBXNativeTarget "TinderClone" */;
			buildPhases = (
				2F610AB82C8213D500C91CBD /* Sources */,
				2F610AB92C8213D500C91CBD /* Frameworks */,
				2F610ABA2C8213D500C91CBD /* Resources */,
			);
			buildRules = (
			);
			dependencies = (
			);
			name = TinderClone;
			productName = TinderClone;
			productReference = 2F610ABC2C8213D500C91CBD /* TinderClone.app */;
			productType = "com.apple.product-type.application";
		};
/* End PBXNativeTarget section */

/* Begin PBXProject section */
		2F610AB42C8213D500C91CBD /* Project object */ = {
			isa = PBXProject;
			attributes = {
				BuildIndependentTargetsInParallel = 1;
				LastSwiftUpdateCheck = 1540;
				LastUpgradeCheck = 1540;
				TargetAttributes = {
					2F610ABB2C8213D500C91CBD = {
						CreatedOnToolsVersion = 15.4;
					};
				};
			};
			buildConfigurationList = 2F610AB72C8213D500C91CBD /* Build configuration list for PBXProject "TinderClone" */;
			compatibilityVersion = "Xcode 14.0";
			developmentRegion = en;
			hasScannedForEncodings = 0;
			knownRegions = (
				en,
				Base,
			);
			mainGroup = 2F610AB32C8213D500C91CBD;
			productRefGroup = 2F610ABD2C8213D500C91CBD /* Products */;
			projectDirPath = "";
			projectRoot = "";
			targets = (
				2F610ABB2C8213D500C91CBD /* TinderClone */,
			);
		};
/* End PBXProject section */

/* Begin PBXResourcesBuildPhase section */
		2F610ABA2C8213D500C91CBD /* Resources */ = {
			isa = PBXResourcesBuildPhase;
			buildActionMask = 2147483647;
			files = (
				2F610AC72C8213D600C91CBD /* Preview Assets.xcassets in Resources */,
				2F610AC42C8213D600C91CBD /* Assets.xcassets in Resources */,
			);
			runOnlyForDeploymentPostprocessing = 0;
		};
/* End PBXResourcesBuildPhase section */

/* Begin PBXSourcesBuildPhase section */
		2F610AB82C8213D500C91CBD /* Sources */ = {
			isa = PBXSourcesBuildPhase;
			buildActionMask = 2147483647;
			files = (
				2FDB10E52C87BD8300595B6D /* ScreenDimensions.swift in Sources */,
				2F42F1182C85135E00DDD3D2 /* ImageIndicatorView.swift in Sources */,
				2F8D26FB2C88AAB20087BF7F /* CardService.swift in Sources */,
				2F8D26F72C887C230087BF7F /* CardStackView.swift in Sources */,
				2F610AC22C8213D500C91CBD /* ContentView.swift in Sources */,
				2F42F1122C850C7100DDD3D2 /* CardView.swift in Sources */,
				2F8D26FF2C88ABB30087BF7F /* Card.swift in Sources */,
				2F610AC02C8213D500C91CBD /* TinderCloneApp.swift in Sources */,
				2F42F11C2C851A4800DDD3D2 /* ImageTappingOverlay.swift in Sources */,
				2F42F1142C850EB000DDD3D2 /* UserInfoView.swift in Sources */,
				2FE948472C89F04F00B3F243 /* UserProfileView.swift in Sources */,
				2F8D26F92C8885140087BF7F /* CardsViewModel.swift in Sources */,
				2F42F1162C8511A200DDD3D2 /* MainTabView.swift in Sources */,
				2F42F11E2C851C2800DDD3D2 /* SwipeActionIndicatorView.swift in Sources */,
				2F42F11A2C85173300DDD3D2 /* User.swift in Sources */,
			);
			runOnlyForDeploymentPostprocessing = 0;
		};
/* End PBXSourcesBuildPhase section */

/* Begin XCBuildConfiguration section */
		2F610AC82C8213D600C91CBD /* Debug */ = {
			isa = XCBuildConfiguration;
			buildSettings = {
				ALWAYS_SEARCH_USER_PATHS = NO;
				ASSETCATALOG_COMPILER_GENERATE_SWIFT_ASSET_SYMBOL_EXTENSIONS = YES;
				CLANG_ANALYZER_NONNULL = YES;
				CLANG_ANALYZER_NUMBER_OBJECT_CONVERSION = YES_AGGRESSIVE;
				CLANG_CXX_LANGUAGE_STANDARD = "gnu++20";
				CLANG_ENABLE_MODULES = YES;
				CLANG_ENABLE_OBJC_ARC = YES;
				CLANG_ENABLE_OBJC_WEAK = YES;
				CLANG_WARN_BLOCK_CAPTURE_AUTORELEASING = YES;
				CLANG_WARN_BOOL_CONVERSION = YES;
				CLANG_WARN_COMMA = YES;
				CLANG_WARN_CONSTANT_CONVERSION = YES;
				CLANG_WARN_DEPRECATED_OBJC_IMPLEMENTATIONS = YES;
				CLANG_WARN_DIRECT_OBJC_ISA_USAGE = YES_ERROR;
				CLANG_WARN_DOCUMENTATION_COMMENTS = YES;
				CLANG_WARN_EMPTY_BODY = YES;
				CLANG_WARN_ENUM_CONVERSION = YES;
				CLANG_WARN_INFINITE_RECURSION = YES;
				CLANG_WARN_INT_CONVERSION = YES;
				CLANG_WARN_NON_LITERAL_NULL_CONVERSION = YES;
				CLANG_WARN_OBJC_IMPLICIT_RETAIN_SELF = YES;
				CLANG_WARN_OBJC_LITERAL_CONVERSION = YES;
				CLANG_WARN_OBJC_ROOT_CLASS = YES_ERROR;
				CLANG_WARN_QUOTED_INCLUDE_IN_FRAMEWORK_HEADER = YES;
				CLANG_WARN_RANGE_LOOP_ANALYSIS = YES;
				CLANG_WARN_STRICT_PROTOTYPES = YES;
				CLANG_WARN_SUSPICIOUS_MOVE = YES;
				CLANG_WARN_UNGUARDED_AVAILABILITY = YES_AGGRESSIVE;
				CLANG_WARN_UNREACHABLE_CODE = YES;
				CLANG_WARN__DUPLICATE_METHOD_MATCH = YES;
				COPY_PHASE_STRIP = NO;
				DEBUG_INFORMATION_FORMAT = dwarf;
				ENABLE_STRICT_OBJC_MSGSEND = YES;
				ENABLE_TESTABILITY = YES;
				ENABLE_USER_SCRIPT_SANDBOXING = YES;
				GCC_C_LANGUAGE_STANDARD = gnu17;
				GCC_DYNAMIC_NO_PIC = NO;
				GCC_NO_COMMON_BLOCKS = YES;
				GCC_OPTIMIZATION_LEVEL = 0;
				GCC_PREPROCESSOR_DEFINITIONS = (
					"DEBUG=1",
					"$(inherited)",
				);
				GCC_WARN_64_TO_32_BIT_CONVERSION = YES;
				GCC_WARN_ABOUT_RETURN_TYPE = YES_ERROR;
				GCC_WARN_UNDECLARED_SELECTOR = YES;
				GCC_WARN_UNINITIALIZED_AUTOS = YES_AGGRESSIVE;
				GCC_WARN_UNUSED_FUNCTION = YES;
				GCC_WARN_UNUSED_VARIABLE = YES;
				IPHONEOS_DEPLOYMENT_TARGET = 17.5;
				LOCALIZATION_PREFERS_STRING_CATALOGS = YES;
				MTL_ENABLE_DEBUG_INFO = INCLUDE_SOURCE;
				MTL_FAST_MATH = YES;
				ONLY_ACTIVE_ARCH = YES;
				SDKROOT = iphoneos;
				SWIFT_ACTIVE_COMPILATION_CONDITIONS = "DEBUG $(inherited)";
				SWIFT_OPTIMIZATION_LEVEL = "-Onone";
			};
			name = Debug;
		};
		2F610AC92C8213D600C91CBD /* Release */ = {
			isa = XCBuildConfiguration;
			buildSettings = {
				ALWAYS_SEARCH_USER_PATHS = NO;
				ASSETCATALOG_COMPILER_GENERATE_SWIFT_ASSET_SYMBOL_EXTENSIONS = YES;
				CLANG_ANALYZER_NONNULL = YES;
				CLANG_ANALYZER_NUMBER_OBJECT_CONVERSION = YES_AGGRESSIVE;
				CLANG_CXX_LANGUAGE_STANDARD = "gnu++20";
				CLANG_ENABLE_MODULES = YES;
				CLANG_ENABLE_OBJC_ARC = YES;
				CLANG_ENABLE_OBJC_WEAK = YES;
				CLANG_WARN_BLOCK_CAPTURE_AUTORELEASING = YES;
				CLANG_WARN_BOOL_CONVERSION = YES;
				CLANG_WARN_COMMA = YES;
				CLANG_WARN_CONSTANT_CONVERSION = YES;
				CLANG_WARN_DEPRECATED_OBJC_IMPLEMENTATIONS = YES;
				CLANG_WARN_DIRECT_OBJC_ISA_USAGE = YES_ERROR;
				CLANG_WARN_DOCUMENTATION_COMMENTS = YES;
				CLANG_WARN_EMPTY_BODY = YES;
				CLANG_WARN_ENUM_CONVERSION = YES;
				CLANG_WARN_INFINITE_RECURSION = YES;
				CLANG_WARN_INT_CONVERSION = YES;
				CLANG_WARN_NON_LITERAL_NULL_CONVERSION = YES;
				CLANG_WARN_OBJC_IMPLICIT_RETAIN_SELF = YES;
				CLANG_WARN_OBJC_LITERAL_CONVERSION = YES;
				CLANG_WARN_OBJC_ROOT_CLASS = YES_ERROR;
				CLANG_WARN_QUOTED_INCLUDE_IN_FRAMEWORK_HEADER = YES;
				CLANG_WARN_RANGE_LOOP_ANALYSIS = YES;
				CLANG_WARN_STRICT_PROTOTYPES = YES;
				CLANG_WARN_SUSPICIOUS_MOVE = YES;
				CLANG_WARN_UNGUARDED_AVAILABILITY = YES_AGGRESSIVE;
				CLANG_WARN_UNREACHABLE_CODE = YES;
				CLANG_WARN__DUPLICATE_METHOD_MATCH = YES;
				COPY_PHASE_STRIP = NO;
				DEBUG_INFORMATION_FORMAT = "dwarf-with-dsym";
				ENABLE_NS_ASSERTIONS = NO;
				ENABLE_STRICT_OBJC_MSGSEND = YES;
				ENABLE_USER_SCRIPT_SANDBOXING = YES;
				GCC_C_LANGUAGE_STANDARD = gnu17;
				GCC_NO_COMMON_BLOCKS = YES;
				GCC_WARN_64_TO_32_BIT_CONVERSION = YES;
				GCC_WARN_ABOUT_RETURN_TYPE = YES_ERROR;
				GCC_WARN_UNDECLARED_SELECTOR = YES;
				GCC_WARN_UNINITIALIZED_AUTOS = YES_AGGRESSIVE;
				GCC_WARN_UNUSED_FUNCTION = YES;
				GCC_WARN_UNUSED_VARIABLE = YES;
				IPHONEOS_DEPLOYMENT_TARGET = 17.5;
				LOCALIZATION_PREFERS_STRING_CATALOGS = YES;
				MTL_ENABLE_DEBUG_INFO = NO;
				MTL_FAST_MATH = YES;
				SDKROOT = iphoneos;
				SWIFT_COMPILATION_MODE = wholemodule;
				VALIDATE_PRODUCT = YES;
			};
			name = Release;
		};
		2F610ACB2C8213D600C91CBD /* Debug */ = {
			isa = XCBuildConfiguration;
			buildSettings = {
				ASSETCATALOG_COMPILER_APPICON_NAME = AppIcon;
				ASSETCATALOG_COMPILER_GLOBAL_ACCENT_COLOR_NAME = AccentColor;
				CODE_SIGN_STYLE = Automatic;
				CURRENT_PROJECT_VERSION = 1;
				DEVELOPMENT_ASSET_PATHS = "\"TinderClone/Preview Content\"";
				DEVELOPMENT_TEAM = F22VW539DG;
				ENABLE_PREVIEWS = YES;
				GENERATE_INFOPLIST_FILE = YES;
				INFOPLIST_KEY_UIApplicationSceneManifest_Generation = YES;
				INFOPLIST_KEY_UIApplicationSupportsIndirectInputEvents = YES;
				INFOPLIST_KEY_UILaunchScreen_Generation = YES;
				INFOPLIST_KEY_UISupportedInterfaceOrientations_iPad = "UIInterfaceOrientationPortrait UIInterfaceOrientationPortraitUpsideDown UIInterfaceOrientationLandscapeLeft UIInterfaceOrientationLandscapeRight";
				INFOPLIST_KEY_UISupportedInterfaceOrientations_iPhone = "UIInterfaceOrientationPortrait UIInterfaceOrientationLandscapeLeft UIInterfaceOrientationLandscapeRight";
				LD_RUNPATH_SEARCH_PATHS = (
					"$(inherited)",
					"@executable_path/Frameworks",
				);
				MARKETING_VERSION = 1.0;
				PRODUCT_BUNDLE_IDENTIFIER = de.Taro.TinderClone;
				PRODUCT_NAME = "$(TARGET_NAME)";
				SWIFT_EMIT_LOC_STRINGS = YES;
				SWIFT_VERSION = 5.0;
				TARGETED_DEVICE_FAMILY = "1,2";
			};
			name = Debug;
		};
		2F610ACC2C8213D600C91CBD /* Release */ = {
			isa = XCBuildConfiguration;
			buildSettings = {
				ASSETCATALOG_COMPILER_APPICON_NAME = AppIcon;
				ASSETCATALOG_COMPILER_GLOBAL_ACCENT_COLOR_NAME = AccentColor;
				CODE_SIGN_STYLE = Automatic;
				CURRENT_PROJECT_VERSION = 1;
				DEVELOPMENT_ASSET_PATHS = "\"TinderClone/Preview Content\"";
				DEVELOPMENT_TEAM = F22VW539DG;
				ENABLE_PREVIEWS = YES;
				GENERATE_INFOPLIST_FILE = YES;
				INFOPLIST_KEY_UIApplicationSceneManifest_Generation = YES;
				INFOPLIST_KEY_UIApplicationSupportsIndirectInputEvents = YES;
				INFOPLIST_KEY_UILaunchScreen_Generation = YES;
				INFOPLIST_KEY_UISupportedInterfaceOrientations_iPad = "UIInterfaceOrientationPortrait UIInterfaceOrientationPortraitUpsideDown UIInterfaceOrientationLandscapeLeft UIInterfaceOrientationLandscapeRight";
				INFOPLIST_KEY_UISupportedInterfaceOrientations_iPhone = "UIInterfaceOrientationPortrait UIInterfaceOrientationLandscapeLeft UIInterfaceOrientationLandscapeRight";
				LD_RUNPATH_SEARCH_PATHS = (
					"$(inherited)",
					"@executable_path/Frameworks",
				);
				MARKETING_VERSION = 1.0;
				PRODUCT_BUNDLE_IDENTIFIER = de.Taro.TinderClone;
				PRODUCT_NAME = "$(TARGET_NAME)";
				SWIFT_EMIT_LOC_STRINGS = YES;
				SWIFT_VERSION = 5.0;
				TARGETED_DEVICE_FAMILY = "1,2";
			};
			name = Release;
		};
/* End XCBuildConfiguration section */

/* Begin XCConfigurationList section */
		2F610AB72C8213D500C91CBD /* Build configuration list for PBXProject "TinderClone" */ = {
			isa = XCConfigurationList;
			buildConfigurations = (
				2F610AC82C8213D600C91CBD /* Debug */,
				2F610AC92C8213D600C91CBD /* Release */,
			);
			defaultConfigurationIsVisible = 0;
			defaultConfigurationName = Release;
		};
		2F610ACA2C8213D600C91CBD /* Build configuration list for PBXNativeTarget "TinderClone" */ = {
			isa = XCConfigurationList;
			buildConfigurations = (
				2F610ACB2C8213D600C91CBD /* Debug */,
				2F610ACC2C8213D600C91CBD /* Release */,
			);
			defaultConfigurationIsVisible = 0;
			defaultConfigurationName = Release;
		};
/* End XCConfigurationList section */
	};
	rootObject = 2F610AB42C8213D500C91CBD /* Project object */;
}
